// !$*UTF8*$!
{
	archiveVersion = 1;
	classes = {
	};
	objectVersion = 51;
	objects = {

/* Begin PBXBuildFile section */
		540CCB3CD74AC1F20BDAB71E /* Pods_MVVM_With_Alamofire_MVVM_With_AlamofireUITests.framework in Frameworks */ = {isa = PBXBuildFile; fileRef = E38814F7047D5F0084E6484B /* Pods_MVVM_With_Alamofire_MVVM_With_AlamofireUITests.framework */; };
		9E81023834938D329B7669EE /* Pods_MVVM_With_Alamofire.framework in Frameworks */ = {isa = PBXBuildFile; fileRef = 5F0FE817278AD96B1B8B0CD8 /* Pods_MVVM_With_Alamofire.framework */; };
		AE99C5F126C0DD9B0082890B /* AppDelegate.swift in Sources */ = {isa = PBXBuildFile; fileRef = AE99C5F026C0DD9B0082890B /* AppDelegate.swift */; };
		AE99C5F326C0DD9B0082890B /* SceneDelegate.swift in Sources */ = {isa = PBXBuildFile; fileRef = AE99C5F226C0DD9B0082890B /* SceneDelegate.swift */; };
		AE99C5F526C0DD9B0082890B /* MyListingVc.swift in Sources */ = {isa = PBXBuildFile; fileRef = AE99C5F426C0DD9B0082890B /* MyListingVc.swift */; };
		AE99C5F826C0DD9C0082890B /* Main.storyboard in Resources */ = {isa = PBXBuildFile; fileRef = AE99C5F626C0DD9C0082890B /* Main.storyboard */; };
		AE99C5FA26C0DDA50082890B /* Assets.xcassets in Resources */ = {isa = PBXBuildFile; fileRef = AE99C5F926C0DDA50082890B /* Assets.xcassets */; };
		AE99C5FD26C0DDA50082890B /* LaunchScreen.storyboard in Resources */ = {isa = PBXBuildFile; fileRef = AE99C5FB26C0DDA50082890B /* LaunchScreen.storyboard */; };
		AE99C60826C0DDA50082890B /* MVVM_With_AlamofireTests.swift in Sources */ = {isa = PBXBuildFile; fileRef = AE99C60726C0DDA50082890B /* MVVM_With_AlamofireTests.swift */; };
		AE99C61326C0DDA50082890B /* MVVM_With_AlamofireUITests.swift in Sources */ = {isa = PBXBuildFile; fileRef = AE99C61226C0DDA50082890B /* MVVM_With_AlamofireUITests.swift */; };
		AE99C63426C0E0C00082890B /* MyListingVM.swift in Sources */ = {isa = PBXBuildFile; fileRef = AE99C63326C0E0C00082890B /* MyListingVM.swift */; };
		AE99C64226C0E4ED0082890B /* Common Extentions.swift in Sources */ = {isa = PBXBuildFile; fileRef = AE99C64126C0E4ED0082890B /* Common Extentions.swift */; };
		AE99C64826C0E5A30082890B /* App Structure.swift in Sources */ = {isa = PBXBuildFile; fileRef = AE99C64726C0E5A30082890B /* App Structure.swift */; };
		AE99C65326C0E8140082890B /* MyListingModel.swift in Sources */ = {isa = PBXBuildFile; fileRef = AE99C65026C0E8140082890B /* MyListingModel.swift */; };
		AE99C65426C0E8140082890B /* ResponseData.swift in Sources */ = {isa = PBXBuildFile; fileRef = AE99C65126C0E8140082890B /* ResponseData.swift */; };
		AE99C65526C0E8140082890B /* Docs.swift in Sources */ = {isa = PBXBuildFile; fileRef = AE99C65226C0E8140082890B /* Docs.swift */; };
		AE99C66626C0E9B90082890B /* WebServices.swift in Sources */ = {isa = PBXBuildFile; fileRef = AE99C63D26C0E1190082890B /* WebServices.swift */; };
		AE99C66A26C0EA090082890B /* AlertHelper.swift in Sources */ = {isa = PBXBuildFile; fileRef = AE99C63F26C0E36C0082890B /* AlertHelper.swift */; };
		AE99C67026C0EB150082890B /* MyListing Data Source + Delegate(S).swift in Sources */ = {isa = PBXBuildFile; fileRef = AE99C66F26C0EB150082890B /* MyListing Data Source + Delegate(S).swift */; };
		AE99C67D26C0EB7E0082890B /* MyListingCell.swift in Sources */ = {isa = PBXBuildFile; fileRef = AE99C67C26C0EB7E0082890B /* MyListingCell.swift */; };
		AE99C68D26C0EDED0082890B /* Constant.swift in Sources */ = {isa = PBXBuildFile; fileRef = AE99C68C26C0EDED0082890B /* Constant.swift */; };
		AE99C6A026C0F1EF0082890B /* InternetReachability.swift in Sources */ = {isa = PBXBuildFile; fileRef = AE99C69F26C0F1EF0082890B /* InternetReachability.swift */; };
		E9B0D6AFDA565A9F4DFD1112 /* Pods_MVVM_With_AlamofireTests.framework in Frameworks */ = {isa = PBXBuildFile; fileRef = FFC266F37CFC0F4159100D93 /* Pods_MVVM_With_AlamofireTests.framework */; };
/* End PBXBuildFile section */

/* Begin PBXContainerItemProxy section */
		AE99C60426C0DDA50082890B /* PBXContainerItemProxy */ = {
			isa = PBXContainerItemProxy;
			containerPortal = AE99C5E526C0DD9A0082890B /* Project object */;
			proxyType = 1;
			remoteGlobalIDString = AE99C5EC26C0DD9B0082890B;
			remoteInfo = "MVVM With Alamofire";
		};
		AE99C60F26C0DDA50082890B /* PBXContainerItemProxy */ = {
			isa = PBXContainerItemProxy;
			containerPortal = AE99C5E526C0DD9A0082890B /* Project object */;
			proxyType = 1;
			remoteGlobalIDString = AE99C5EC26C0DD9B0082890B;
			remoteInfo = "MVVM With Alamofire";
		};
/* End PBXContainerItemProxy section */

/* Begin PBXFileReference section */
		291E3355451C58A73775A1D8 /* Pods-MVVM With AlamofireTests.release.xcconfig */ = {isa = PBXFileReference; includeInIndex = 1; lastKnownFileType = text.xcconfig; name = "Pods-MVVM With AlamofireTests.release.xcconfig"; path = "Target Support Files/Pods-MVVM With AlamofireTests/Pods-MVVM With AlamofireTests.release.xcconfig"; sourceTree = "<group>"; };
		3F7CEF6BFC7E81EEC2E4A7F7 /* Pods-MVVM With AlamofireTests.debug.xcconfig */ = {isa = PBXFileReference; includeInIndex = 1; lastKnownFileType = text.xcconfig; name = "Pods-MVVM With AlamofireTests.debug.xcconfig"; path = "Target Support Files/Pods-MVVM With AlamofireTests/Pods-MVVM With AlamofireTests.debug.xcconfig"; sourceTree = "<group>"; };
		5CF87A70FDBE8DAA42B1A973 /* Pods-MVVM With Alamofire.debug.xcconfig */ = {isa = PBXFileReference; includeInIndex = 1; lastKnownFileType = text.xcconfig; name = "Pods-MVVM With Alamofire.debug.xcconfig"; path = "Target Support Files/Pods-MVVM With Alamofire/Pods-MVVM With Alamofire.debug.xcconfig"; sourceTree = "<group>"; };
		5F0FE817278AD96B1B8B0CD8 /* Pods_MVVM_With_Alamofire.framework */ = {isa = PBXFileReference; explicitFileType = wrapper.framework; includeInIndex = 0; path = Pods_MVVM_With_Alamofire.framework; sourceTree = BUILT_PRODUCTS_DIR; };
		996E0A7375B45A3C78656542 /* Pods-MVVM With Alamofire-MVVM With AlamofireUITests.debug.xcconfig */ = {isa = PBXFileReference; includeInIndex = 1; lastKnownFileType = text.xcconfig; name = "Pods-MVVM With Alamofire-MVVM With AlamofireUITests.debug.xcconfig"; path = "Target Support Files/Pods-MVVM With Alamofire-MVVM With AlamofireUITests/Pods-MVVM With Alamofire-MVVM With AlamofireUITests.debug.xcconfig"; sourceTree = "<group>"; };
		AE99C5ED26C0DD9B0082890B /* MVVM With Alamofire.app */ = {isa = PBXFileReference; explicitFileType = wrapper.application; includeInIndex = 0; path = "MVVM With Alamofire.app"; sourceTree = BUILT_PRODUCTS_DIR; };
		AE99C5F026C0DD9B0082890B /* AppDelegate.swift */ = {isa = PBXFileReference; lastKnownFileType = sourcecode.swift; path = AppDelegate.swift; sourceTree = "<group>"; };
		AE99C5F226C0DD9B0082890B /* SceneDelegate.swift */ = {isa = PBXFileReference; lastKnownFileType = sourcecode.swift; path = SceneDelegate.swift; sourceTree = "<group>"; };
		AE99C5F426C0DD9B0082890B /* MyListingVc.swift */ = {isa = PBXFileReference; lastKnownFileType = sourcecode.swift; path = MyListingVc.swift; sourceTree = "<group>"; };
		AE99C5F726C0DD9C0082890B /* Base */ = {isa = PBXFileReference; lastKnownFileType = file.storyboard; name = Base; path = Base.lproj/Main.storyboard; sourceTree = "<group>"; };
		AE99C5F926C0DDA50082890B /* Assets.xcassets */ = {isa = PBXFileReference; lastKnownFileType = folder.assetcatalog; path = Assets.xcassets; sourceTree = "<group>"; };
		AE99C5FC26C0DDA50082890B /* Base */ = {isa = PBXFileReference; lastKnownFileType = file.storyboard; name = Base; path = Base.lproj/LaunchScreen.storyboard; sourceTree = "<group>"; };
		AE99C5FE26C0DDA50082890B /* Info.plist */ = {isa = PBXFileReference; lastKnownFileType = text.plist.xml; path = Info.plist; sourceTree = "<group>"; };
		AE99C60326C0DDA50082890B /* MVVM With AlamofireTests.xctest */ = {isa = PBXFileReference; explicitFileType = wrapper.cfbundle; includeInIndex = 0; path = "MVVM With AlamofireTests.xctest"; sourceTree = BUILT_PRODUCTS_DIR; };
		AE99C60726C0DDA50082890B /* MVVM_With_AlamofireTests.swift */ = {isa = PBXFileReference; lastKnownFileType = sourcecode.swift; path = MVVM_With_AlamofireTests.swift; sourceTree = "<group>"; };
		AE99C60926C0DDA50082890B /* Info.plist */ = {isa = PBXFileReference; lastKnownFileType = text.plist.xml; path = Info.plist; sourceTree = "<group>"; };
		AE99C60E26C0DDA50082890B /* MVVM With AlamofireUITests.xctest */ = {isa = PBXFileReference; explicitFileType = wrapper.cfbundle; includeInIndex = 0; path = "MVVM With AlamofireUITests.xctest"; sourceTree = BUILT_PRODUCTS_DIR; };
		AE99C61226C0DDA50082890B /* MVVM_With_AlamofireUITests.swift */ = {isa = PBXFileReference; lastKnownFileType = sourcecode.swift; path = MVVM_With_AlamofireUITests.swift; sourceTree = "<group>"; };
		AE99C61426C0DDA50082890B /* Info.plist */ = {isa = PBXFileReference; lastKnownFileType = text.plist.xml; path = Info.plist; sourceTree = "<group>"; };
		AE99C63326C0E0C00082890B /* MyListingVM.swift */ = {isa = PBXFileReference; lastKnownFileType = sourcecode.swift; path = MyListingVM.swift; sourceTree = "<group>"; };
		AE99C63D26C0E1190082890B /* WebServices.swift */ = {isa = PBXFileReference; lastKnownFileType = sourcecode.swift; path = WebServices.swift; sourceTree = "<group>"; };
		AE99C63F26C0E36C0082890B /* AlertHelper.swift */ = {isa = PBXFileReference; lastKnownFileType = sourcecode.swift; path = AlertHelper.swift; sourceTree = "<group>"; };
		AE99C64126C0E4ED0082890B /* Common Extentions.swift */ = {isa = PBXFileReference; lastKnownFileType = sourcecode.swift; path = "Common Extentions.swift"; sourceTree = "<group>"; };
		AE99C64726C0E5A30082890B /* App Structure.swift */ = {isa = PBXFileReference; lastKnownFileType = sourcecode.swift; path = "App Structure.swift"; sourceTree = "<group>"; };
		AE99C65026C0E8140082890B /* MyListingModel.swift */ = {isa = PBXFileReference; fileEncoding = 4; lastKnownFileType = sourcecode.swift; path = MyListingModel.swift; sourceTree = "<group>"; };
		AE99C65126C0E8140082890B /* ResponseData.swift */ = {isa = PBXFileReference; fileEncoding = 4; lastKnownFileType = sourcecode.swift; path = ResponseData.swift; sourceTree = "<group>"; };
		AE99C65226C0E8140082890B /* Docs.swift */ = {isa = PBXFileReference; fileEncoding = 4; lastKnownFileType = sourcecode.swift; path = Docs.swift; sourceTree = "<group>"; };
		AE99C66F26C0EB150082890B /* MyListing Data Source + Delegate(S).swift */ = {isa = PBXFileReference; lastKnownFileType = sourcecode.swift; path = "MyListing Data Source + Delegate(S).swift"; sourceTree = "<group>"; };
		AE99C67C26C0EB7E0082890B /* MyListingCell.swift */ = {isa = PBXFileReference; lastKnownFileType = sourcecode.swift; path = MyListingCell.swift; sourceTree = "<group>"; };
		AE99C68C26C0EDED0082890B /* Constant.swift */ = {isa = PBXFileReference; lastKnownFileType = sourcecode.swift; path = Constant.swift; sourceTree = "<group>"; };
		AE99C69F26C0F1EF0082890B /* InternetReachability.swift */ = {isa = PBXFileReference; fileEncoding = 4; lastKnownFileType = sourcecode.swift; path = InternetReachability.swift; sourceTree = "<group>"; };
		E22A71255A03086E1616C080 /* Pods-MVVM With Alamofire.release.xcconfig */ = {isa = PBXFileReference; includeInIndex = 1; lastKnownFileType = text.xcconfig; name = "Pods-MVVM With Alamofire.release.xcconfig"; path = "Target Support Files/Pods-MVVM With Alamofire/Pods-MVVM With Alamofire.release.xcconfig"; sourceTree = "<group>"; };
		E38814F7047D5F0084E6484B /* Pods_MVVM_With_Alamofire_MVVM_With_AlamofireUITests.framework */ = {isa = PBXFileReference; explicitFileType = wrapper.framework; includeInIndex = 0; path = Pods_MVVM_With_Alamofire_MVVM_With_AlamofireUITests.framework; sourceTree = BUILT_PRODUCTS_DIR; };
		FE0D8BFFEC30A11B53447DBD /* Pods-MVVM With Alamofire-MVVM With AlamofireUITests.release.xcconfig */ = {isa = PBXFileReference; includeInIndex = 1; lastKnownFileType = text.xcconfig; name = "Pods-MVVM With Alamofire-MVVM With AlamofireUITests.release.xcconfig"; path = "Target Support Files/Pods-MVVM With Alamofire-MVVM With AlamofireUITests/Pods-MVVM With Alamofire-MVVM With AlamofireUITests.release.xcconfig"; sourceTree = "<group>"; };
		FFC266F37CFC0F4159100D93 /* Pods_MVVM_With_AlamofireTests.framework */ = {isa = PBXFileReference; explicitFileType = wrapper.framework; includeInIndex = 0; path = Pods_MVVM_With_AlamofireTests.framework; sourceTree = BUILT_PRODUCTS_DIR; };
/* End PBXFileReference section */

/* Begin PBXFrameworksBuildPhase section */
		AE99C5EA26C0DD9B0082890B /* Frameworks */ = {
			isa = PBXFrameworksBuildPhase;
			buildActionMask = 2147483647;
			files = (
				9E81023834938D329B7669EE /* Pods_MVVM_With_Alamofire.framework in Frameworks */,
			);
			runOnlyForDeploymentPostprocessing = 0;
		};
		AE99C60026C0DDA50082890B /* Frameworks */ = {
			isa = PBXFrameworksBuildPhase;
			buildActionMask = 2147483647;
			files = (
				E9B0D6AFDA565A9F4DFD1112 /* Pods_MVVM_With_AlamofireTests.framework in Frameworks */,
			);
			runOnlyForDeploymentPostprocessing = 0;
		};
		AE99C60B26C0DDA50082890B /* Frameworks */ = {
			isa = PBXFrameworksBuildPhase;
			buildActionMask = 2147483647;
			files = (
				540CCB3CD74AC1F20BDAB71E /* Pods_MVVM_With_Alamofire_MVVM_With_AlamofireUITests.framework in Frameworks */,
			);
			runOnlyForDeploymentPostprocessing = 0;
		};
/* End PBXFrameworksBuildPhase section */

/* Begin PBXGroup section */
		14BEB27F2124F871A260D258 /* Pods */ = {
			isa = PBXGroup;
			children = (
				5CF87A70FDBE8DAA42B1A973 /* Pods-MVVM With Alamofire.debug.xcconfig */,
				E22A71255A03086E1616C080 /* Pods-MVVM With Alamofire.release.xcconfig */,
				996E0A7375B45A3C78656542 /* Pods-MVVM With Alamofire-MVVM With AlamofireUITests.debug.xcconfig */,
				FE0D8BFFEC30A11B53447DBD /* Pods-MVVM With Alamofire-MVVM With AlamofireUITests.release.xcconfig */,
				3F7CEF6BFC7E81EEC2E4A7F7 /* Pods-MVVM With AlamofireTests.debug.xcconfig */,
				291E3355451C58A73775A1D8 /* Pods-MVVM With AlamofireTests.release.xcconfig */,
			);
			path = Pods;
			sourceTree = "<group>";
		};
		AE99C5E426C0DD9A0082890B = {
			isa = PBXGroup;
			children = (
				AE99C5EF26C0DD9B0082890B /* MVVM With Alamofire */,
				AE99C60626C0DDA50082890B /* MVVM With AlamofireTests */,
				AE99C61126C0DDA50082890B /* MVVM With AlamofireUITests */,
				AE99C5EE26C0DD9B0082890B /* Products */,
				14BEB27F2124F871A260D258 /* Pods */,
				C5815A07AAEFB11C2D30190F /* Frameworks */,
			);
			sourceTree = "<group>";
		};
		AE99C5EE26C0DD9B0082890B /* Products */ = {
			isa = PBXGroup;
			children = (
				AE99C5ED26C0DD9B0082890B /* MVVM With Alamofire.app */,
				AE99C60326C0DDA50082890B /* MVVM With AlamofireTests.xctest */,
				AE99C60E26C0DDA50082890B /* MVVM With AlamofireUITests.xctest */,
			);
			name = Products;
			sourceTree = "<group>";
		};
		AE99C5EF26C0DD9B0082890B /* MVVM With Alamofire */ = {
			isa = PBXGroup;
			children = (
				AE99C67B26C0EB6D0082890B /* Cells */,
				AE99C66E26C0EAEE0082890B /* Data Source + Delegate(S) */,
				AE99C64F26C0E8090082890B /* Models */,
				AE99C63B26C0E0DC0082890B /* Supporting Files */,
				AE99C63126C0E07E0082890B /* View Models */,
				AE99C63226C0E08C0082890B /* View Controllers */,
				AE99C63026C0E0690082890B /* Views */,
				AE99C5F926C0DDA50082890B /* Assets.xcassets */,
				AE99C5FE26C0DDA50082890B /* Info.plist */,
			);
			path = "MVVM With Alamofire";
			sourceTree = "<group>";
		};
		AE99C60626C0DDA50082890B /* MVVM With AlamofireTests */ = {
			isa = PBXGroup;
			children = (
				AE99C60726C0DDA50082890B /* MVVM_With_AlamofireTests.swift */,
				AE99C60926C0DDA50082890B /* Info.plist */,
			);
			path = "MVVM With AlamofireTests";
			sourceTree = "<group>";
		};
		AE99C61126C0DDA50082890B /* MVVM With AlamofireUITests */ = {
			isa = PBXGroup;
			children = (
				AE99C61226C0DDA50082890B /* MVVM_With_AlamofireUITests.swift */,
				AE99C61426C0DDA50082890B /* Info.plist */,
			);
			path = "MVVM With AlamofireUITests";
			sourceTree = "<group>";
		};
		AE99C63026C0E0690082890B /* Views */ = {
			isa = PBXGroup;
			children = (
				AE99C5FB26C0DDA50082890B /* LaunchScreen.storyboard */,
				AE99C5F626C0DD9C0082890B /* Main.storyboard */,
			);
			path = Views;
			sourceTree = "<group>";
		};
		AE99C63126C0E07E0082890B /* View Models */ = {
			isa = PBXGroup;
			children = (
				AE99C63326C0E0C00082890B /* MyListingVM.swift */,
			);
			path = "View Models";
			sourceTree = "<group>";
		};
		AE99C63226C0E08C0082890B /* View Controllers */ = {
			isa = PBXGroup;
			children = (
				AE99C5F026C0DD9B0082890B /* AppDelegate.swift */,
				AE99C5F226C0DD9B0082890B /* SceneDelegate.swift */,
				AE99C5F426C0DD9B0082890B /* MyListingVc.swift */,
			);
			path = "View Controllers";
			sourceTree = "<group>";
		};
		AE99C63B26C0E0DC0082890B /* Supporting Files */ = {
			isa = PBXGroup;
			children = (
				AE99C69E26C0F1C20082890B /* Internet Reachibility */,
				AE99C68B26C0EDC20082890B /* Constant */,
				AE99C64626C0E5940082890B /* App Structure */,
				AE99C64026C0E4DB0082890B /* Common Extentions */,
				AE99C63E26C0E3640082890B /* Alert Helper */,
				AE99C63C26C0E0F60082890B /* Web Services */,
			);
			path = "Supporting Files";
			sourceTree = "<group>";
		};
		AE99C63C26C0E0F60082890B /* Web Services */ = {
			isa = PBXGroup;
			children = (
				AE99C63D26C0E1190082890B /* WebServices.swift */,
			);
			path = "Web Services";
			sourceTree = "<group>";
		};
		AE99C63E26C0E3640082890B /* Alert Helper */ = {
			isa = PBXGroup;
			children = (
				AE99C63F26C0E36C0082890B /* AlertHelper.swift */,
			);
			path = "Alert Helper";
			sourceTree = "<group>";
		};
		AE99C64026C0E4DB0082890B /* Common Extentions */ = {
			isa = PBXGroup;
			children = (
				AE99C64126C0E4ED0082890B /* Common Extentions.swift */,
			);
			path = "Common Extentions";
			sourceTree = "<group>";
		};
		AE99C64626C0E5940082890B /* App Structure */ = {
			isa = PBXGroup;
			children = (
				AE99C64726C0E5A30082890B /* App Structure.swift */,
			);
			path = "App Structure";
			sourceTree = "<group>";
		};
		AE99C64F26C0E8090082890B /* Models */ = {
			isa = PBXGroup;
			children = (
				AE99C65226C0E8140082890B /* Docs.swift */,
				AE99C65026C0E8140082890B /* MyListingModel.swift */,
				AE99C65126C0E8140082890B /* ResponseData.swift */,
			);
			path = Models;
			sourceTree = "<group>";
		};
		AE99C66E26C0EAEE0082890B /* Data Source + Delegate(S) */ = {
			isa = PBXGroup;
			children = (
				AE99C66F26C0EB150082890B /* MyListing Data Source + Delegate(S).swift */,
			);
			path = "Data Source + Delegate(S)";
			sourceTree = "<group>";
		};
		AE99C67B26C0EB6D0082890B /* Cells */ = {
			isa = PBXGroup;
			children = (
				AE99C67C26C0EB7E0082890B /* MyListingCell.swift */,
			);
			path = Cells;
			sourceTree = "<group>";
		};
		AE99C68B26C0EDC20082890B /* Constant */ = {
			isa = PBXGroup;
			children = (
				AE99C68C26C0EDED0082890B /* Constant.swift */,
			);
			path = Constant;
			sourceTree = "<group>";
		};
		AE99C69E26C0F1C20082890B /* Internet Reachibility */ = {
			isa = PBXGroup;
			children = (
				AE99C69F26C0F1EF0082890B /* InternetReachability.swift */,
			);
			path = "Internet Reachibility";
			sourceTree = "<group>";
		};
		C5815A07AAEFB11C2D30190F /* Frameworks */ = {
			isa = PBXGroup;
			children = (
				5F0FE817278AD96B1B8B0CD8 /* Pods_MVVM_With_Alamofire.framework */,
				E38814F7047D5F0084E6484B /* Pods_MVVM_With_Alamofire_MVVM_With_AlamofireUITests.framework */,
				FFC266F37CFC0F4159100D93 /* Pods_MVVM_With_AlamofireTests.framework */,
			);
			name = Frameworks;
			sourceTree = "<group>";
		};
/* End PBXGroup section */

/* Begin PBXNativeTarget section */
		AE99C5EC26C0DD9B0082890B /* MVVM With Alamofire */ = {
			isa = PBXNativeTarget;
			buildConfigurationList = AE99C61726C0DDA50082890B /* Build configuration list for PBXNativeTarget "MVVM With Alamofire" */;
			buildPhases = (
				81C654B0ECDCD61B730F28FE /* [CP] Check Pods Manifest.lock */,
				AE99C5E926C0DD9B0082890B /* Sources */,
				AE99C5EA26C0DD9B0082890B /* Frameworks */,
				AE99C5EB26C0DD9B0082890B /* Resources */,
				BBE078A76D2ADA2B29932DC5 /* [CP] Embed Pods Frameworks */,
			);
			buildRules = (
			);
			dependencies = (
			);
			name = "MVVM With Alamofire";
			productName = "MVVM With Alamofire";
			productReference = AE99C5ED26C0DD9B0082890B /* MVVM With Alamofire.app */;
			productType = "com.apple.product-type.application";
		};
		AE99C60226C0DDA50082890B /* MVVM With AlamofireTests */ = {
			isa = PBXNativeTarget;
			buildConfigurationList = AE99C61A26C0DDA50082890B /* Build configuration list for PBXNativeTarget "MVVM With AlamofireTests" */;
			buildPhases = (
				BBFEB1263EAABF2E395590FB /* [CP] Check Pods Manifest.lock */,
				AE99C5FF26C0DDA50082890B /* Sources */,
				AE99C60026C0DDA50082890B /* Frameworks */,
				AE99C60126C0DDA50082890B /* Resources */,
			);
			buildRules = (
			);
			dependencies = (
				AE99C60526C0DDA50082890B /* PBXTargetDependency */,
			);
			name = "MVVM With AlamofireTests";
			productName = "MVVM With AlamofireTests";
			productReference = AE99C60326C0DDA50082890B /* MVVM With AlamofireTests.xctest */;
			productType = "com.apple.product-type.bundle.unit-test";
		};
		AE99C60D26C0DDA50082890B /* MVVM With AlamofireUITests */ = {
			isa = PBXNativeTarget;
			buildConfigurationList = AE99C61D26C0DDA50082890B /* Build configuration list for PBXNativeTarget "MVVM With AlamofireUITests" */;
			buildPhases = (
				1AB5C7EBDE331FE060727580 /* [CP] Check Pods Manifest.lock */,
				AE99C60A26C0DDA50082890B /* Sources */,
				AE99C60B26C0DDA50082890B /* Frameworks */,
				AE99C60C26C0DDA50082890B /* Resources */,
				FF7A812AD69937C06B2996CE /* [CP] Embed Pods Frameworks */,
			);
			buildRules = (
			);
			dependencies = (
				AE99C61026C0DDA50082890B /* PBXTargetDependency */,
			);
			name = "MVVM With AlamofireUITests";
			productName = "MVVM With AlamofireUITests";
			productReference = AE99C60E26C0DDA50082890B /* MVVM With AlamofireUITests.xctest */;
			productType = "com.apple.product-type.bundle.ui-testing";
		};
/* End PBXNativeTarget section */

/* Begin PBXProject section */
		AE99C5E526C0DD9A0082890B /* Project object */ = {
			isa = PBXProject;
			attributes = {
				LastSwiftUpdateCheck = 1240;
				LastUpgradeCheck = 1240;
				TargetAttributes = {
					AE99C5EC26C0DD9B0082890B = {
						CreatedOnToolsVersion = 12.4;
					};
					AE99C60226C0DDA50082890B = {
						CreatedOnToolsVersion = 12.4;
						TestTargetID = AE99C5EC26C0DD9B0082890B;
					};
					AE99C60D26C0DDA50082890B = {
						CreatedOnToolsVersion = 12.4;
						TestTargetID = AE99C5EC26C0DD9B0082890B;
					};
				};
			};
			buildConfigurationList = AE99C5E826C0DD9B0082890B /* Build configuration list for PBXProject "MVVM With Alamofire" */;
			compatibilityVersion = "Xcode 9.3";
			developmentRegion = en;
			hasScannedForEncodings = 0;
			knownRegions = (
				en,
				Base,
			);
			mainGroup = AE99C5E426C0DD9A0082890B;
			productRefGroup = AE99C5EE26C0DD9B0082890B /* Products */;
			projectDirPath = "";
			projectRoot = "";
			targets = (
				AE99C5EC26C0DD9B0082890B /* MVVM With Alamofire */,
				AE99C60226C0DDA50082890B /* MVVM With AlamofireTests */,
				AE99C60D26C0DDA50082890B /* MVVM With AlamofireUITests */,
			);
		};
/* End PBXProject section */

/* Begin PBXResourcesBuildPhase section */
		AE99C5EB26C0DD9B0082890B /* Resources */ = {
			isa = PBXResourcesBuildPhase;
			buildActionMask = 2147483647;
			files = (
				AE99C5FD26C0DDA50082890B /* LaunchScreen.storyboard in Resources */,
				AE99C5FA26C0DDA50082890B /* Assets.xcassets in Resources */,
				AE99C5F826C0DD9C0082890B /* Main.storyboard in Resources */,
			);
			runOnlyForDeploymentPostprocessing = 0;
		};
		AE99C60126C0DDA50082890B /* Resources */ = {
			isa = PBXResourcesBuildPhase;
			buildActionMask = 2147483647;
			files = (
			);
			runOnlyForDeploymentPostprocessing = 0;
		};
		AE99C60C26C0DDA50082890B /* Resources */ = {
			isa = PBXResourcesBuildPhase;
			buildActionMask = 2147483647;
			files = (
			);
			runOnlyForDeploymentPostprocessing = 0;
		};
/* End PBXResourcesBuildPhase section */

/* Begin PBXShellScriptBuildPhase section */
		1AB5C7EBDE331FE060727580 /* [CP] Check Pods Manifest.lock */ = {
			isa = PBXShellScriptBuildPhase;
			buildActionMask = 2147483647;
			files = (
			);
			inputFileListPaths = (
			);
			inputPaths = (
				"${PODS_PODFILE_DIR_PATH}/Podfile.lock",
				"${PODS_ROOT}/Manifest.lock",
			);
			name = "[CP] Check Pods Manifest.lock";
			outputFileListPaths = (
			);
			outputPaths = (
				"$(DERIVED_FILE_DIR)/Pods-MVVM With Alamofire-MVVM With AlamofireUITests-checkManifestLockResult.txt",
			);
			runOnlyForDeploymentPostprocessing = 0;
			shellPath = /bin/sh;
			shellScript = "diff \"${PODS_PODFILE_DIR_PATH}/Podfile.lock\" \"${PODS_ROOT}/Manifest.lock\" > /dev/null\nif [ $? != 0 ] ; then\n    # print error to STDERR\n    echo \"error: The sandbox is not in sync with the Podfile.lock. Run 'pod install' or update your CocoaPods installation.\" >&2\n    exit 1\nfi\n# This output is used by Xcode 'outputs' to avoid re-running this script phase.\necho \"SUCCESS\" > \"${SCRIPT_OUTPUT_FILE_0}\"\n";
			showEnvVarsInLog = 0;
		};
		81C654B0ECDCD61B730F28FE /* [CP] Check Pods Manifest.lock */ = {
			isa = PBXShellScriptBuildPhase;
			buildActionMask = 2147483647;
			files = (
			);
			inputFileListPaths = (
			);
			inputPaths = (
				"${PODS_PODFILE_DIR_PATH}/Podfile.lock",
				"${PODS_ROOT}/Manifest.lock",
			);
			name = "[CP] Check Pods Manifest.lock";
			outputFileListPaths = (
			);
			outputPaths = (
				"$(DERIVED_FILE_DIR)/Pods-MVVM With Alamofire-checkManifestLockResult.txt",
			);
			runOnlyForDeploymentPostprocessing = 0;
			shellPath = /bin/sh;
			shellScript = "diff \"${PODS_PODFILE_DIR_PATH}/Podfile.lock\" \"${PODS_ROOT}/Manifest.lock\" > /dev/null\nif [ $? != 0 ] ; then\n    # print error to STDERR\n    echo \"error: The sandbox is not in sync with the Podfile.lock. Run 'pod install' or update your CocoaPods installation.\" >&2\n    exit 1\nfi\n# This output is used by Xcode 'outputs' to avoid re-running this script phase.\necho \"SUCCESS\" > \"${SCRIPT_OUTPUT_FILE_0}\"\n";
			showEnvVarsInLog = 0;
		};
		BBE078A76D2ADA2B29932DC5 /* [CP] Embed Pods Frameworks */ = {
			isa = PBXShellScriptBuildPhase;
			buildActionMask = 2147483647;
			files = (
			);
			inputFileListPaths = (
				"${PODS_ROOT}/Target Support Files/Pods-MVVM With Alamofire/Pods-MVVM With Alamofire-frameworks-${CONFIGURATION}-input-files.xcfilelist",
			);
			name = "[CP] Embed Pods Frameworks";
			outputFileListPaths = (
				"${PODS_ROOT}/Target Support Files/Pods-MVVM With Alamofire/Pods-MVVM With Alamofire-frameworks-${CONFIGURATION}-output-files.xcfilelist",
			);
			runOnlyForDeploymentPostprocessing = 0;
			shellPath = /bin/sh;
			shellScript = "\"${PODS_ROOT}/Target Support Files/Pods-MVVM With Alamofire/Pods-MVVM With Alamofire-frameworks.sh\"\n";
			showEnvVarsInLog = 0;
		};
		BBFEB1263EAABF2E395590FB /* [CP] Check Pods Manifest.lock */ = {
			isa = PBXShellScriptBuildPhase;
			buildActionMask = 2147483647;
			files = (
			);
			inputFileListPaths = (
			);
			inputPaths = (
				"${PODS_PODFILE_DIR_PATH}/Podfile.lock",
				"${PODS_ROOT}/Manifest.lock",
			);
			name = "[CP] Check Pods Manifest.lock";
			outputFileListPaths = (
			);
			outputPaths = (
				"$(DERIVED_FILE_DIR)/Pods-MVVM With AlamofireTests-checkManifestLockResult.txt",
			);
			runOnlyForDeploymentPostprocessing = 0;
			shellPath = /bin/sh;
			shellScript = "diff \"${PODS_PODFILE_DIR_PATH}/Podfile.lock\" \"${PODS_ROOT}/Manifest.lock\" > /dev/null\nif [ $? != 0 ] ; then\n    # print error to STDERR\n    echo \"error: The sandbox is not in sync with the Podfile.lock. Run 'pod install' or update your CocoaPods installation.\" >&2\n    exit 1\nfi\n# This output is used by Xcode 'outputs' to avoid re-running this script phase.\necho \"SUCCESS\" > \"${SCRIPT_OUTPUT_FILE_0}\"\n";
			showEnvVarsInLog = 0;
		};
		FF7A812AD69937C06B2996CE /* [CP] Embed Pods Frameworks */ = {
			isa = PBXShellScriptBuildPhase;
			buildActionMask = 2147483647;
			files = (
			);
			inputFileListPaths = (
				"${PODS_ROOT}/Target Support Files/Pods-MVVM With Alamofire-MVVM With AlamofireUITests/Pods-MVVM With Alamofire-MVVM With AlamofireUITests-frameworks-${CONFIGURATION}-input-files.xcfilelist",
			);
			name = "[CP] Embed Pods Frameworks";
			outputFileListPaths = (
				"${PODS_ROOT}/Target Support Files/Pods-MVVM With Alamofire-MVVM With AlamofireUITests/Pods-MVVM With Alamofire-MVVM With AlamofireUITests-frameworks-${CONFIGURATION}-output-files.xcfilelist",
			);
			runOnlyForDeploymentPostprocessing = 0;
			shellPath = /bin/sh;
			shellScript = "\"${PODS_ROOT}/Target Support Files/Pods-MVVM With Alamofire-MVVM With AlamofireUITests/Pods-MVVM With Alamofire-MVVM With AlamofireUITests-frameworks.sh\"\n";
			showEnvVarsInLog = 0;
		};
/* End PBXShellScriptBuildPhase section */

/* Begin PBXSourcesBuildPhase section */
		AE99C5E926C0DD9B0082890B /* Sources */ = {
			isa = PBXSourcesBuildPhase;
			buildActionMask = 2147483647;
			files = (
				AE99C66A26C0EA090082890B /* AlertHelper.swift in Sources */,
				AE99C66626C0E9B90082890B /* WebServices.swift in Sources */,
				AE99C65426C0E8140082890B /* ResponseData.swift in Sources */,
				AE99C5F526C0DD9B0082890B /* MyListingVc.swift in Sources */,
				AE99C5F126C0DD9B0082890B /* AppDelegate.swift in Sources */,
				AE99C64826C0E5A30082890B /* App Structure.swift in Sources */,
				AE99C65526C0E8140082890B /* Docs.swift in Sources */,
				AE99C68D26C0EDED0082890B /* Constant.swift in Sources */,
				AE99C5F326C0DD9B0082890B /* SceneDelegate.swift in Sources */,
				AE99C63426C0E0C00082890B /* MyListingVM.swift in Sources */,
				AE99C67026C0EB150082890B /* MyListing Data Source + Delegate(S).swift in Sources */,
				AE99C6A026C0F1EF0082890B /* InternetReachability.swift in Sources */,
				AE99C67D26C0EB7E0082890B /* MyListingCell.swift in Sources */,
				AE99C65326C0E8140082890B /* MyListingModel.swift in Sources */,
				AE99C64226C0E4ED0082890B /* Common Extentions.swift in Sources */,
			);
			runOnlyForDeploymentPostprocessing = 0;
		};
		AE99C5FF26C0DDA50082890B /* Sources */ = {
			isa = PBXSourcesBuildPhase;
			buildActionMask = 2147483647;
			files = (
				AE99C60826C0DDA50082890B /* MVVM_With_AlamofireTests.swift in Sources */,
			);
			runOnlyForDeploymentPostprocessing = 0;
		};
		AE99C60A26C0DDA50082890B /* Sources */ = {
			isa = PBXSourcesBuildPhase;
			buildActionMask = 2147483647;
			files = (
				AE99C61326C0DDA50082890B /* MVVM_With_AlamofireUITests.swift in Sources */,
			);
			runOnlyForDeploymentPostprocessing = 0;
		};
/* End PBXSourcesBuildPhase section */

/* Begin PBXTargetDependency section */
		AE99C60526C0DDA50082890B /* PBXTargetDependency */ = {
			isa = PBXTargetDependency;
			target = AE99C5EC26C0DD9B0082890B /* MVVM With Alamofire */;
			targetProxy = AE99C60426C0DDA50082890B /* PBXContainerItemProxy */;
		};
		AE99C61026C0DDA50082890B /* PBXTargetDependency */ = {
			isa = PBXTargetDependency;
			target = AE99C5EC26C0DD9B0082890B /* MVVM With Alamofire */;
			targetProxy = AE99C60F26C0DDA50082890B /* PBXContainerItemProxy */;
		};
/* End PBXTargetDependency section */

/* Begin PBXVariantGroup section */
		AE99C5F626C0DD9C0082890B /* Main.storyboard */ = {
			isa = PBXVariantGroup;
			children = (
				AE99C5F726C0DD9C0082890B /* Base */,
			);
			name = Main.storyboard;
			sourceTree = "<group>";
		};
		AE99C5FB26C0DDA50082890B /* LaunchScreen.storyboard */ = {
			isa = PBXVariantGroup;
			children = (
				AE99C5FC26C0DDA50082890B /* Base */,
			);
			name = LaunchScreen.storyboard;
			sourceTree = "<group>";
		};
/* End PBXVariantGroup section */

/* Begin XCBuildConfiguration section */
		AE99C61526C0DDA50082890B /* Debug */ = {
			isa = XCBuildConfiguration;
			buildSettings = {
				ALWAYS_SEARCH_USER_PATHS = NO;
				CLANG_ANALYZER_NONNULL = YES;
				CLANG_ANALYZER_NUMBER_OBJECT_CONVERSION = YES_AGGRESSIVE;
				CLANG_CXX_LANGUAGE_STANDARD = "gnu++14";
				CLANG_CXX_LIBRARY = "libc++";
				CLANG_ENABLE_MODULES = YES;
				CLANG_ENABLE_OBJC_ARC = YES;
				CLANG_ENABLE_OBJC_WEAK = YES;
				CLANG_WARN_BLOCK_CAPTURE_AUTORELEASING = YES;
				CLANG_WARN_BOOL_CONVERSION = YES;
				CLANG_WARN_COMMA = YES;
				CLANG_WARN_CONSTANT_CONVERSION = YES;
				CLANG_WARN_DEPRECATED_OBJC_IMPLEMENTATIONS = YES;
				CLANG_WARN_DIRECT_OBJC_ISA_USAGE = YES_ERROR;
				CLANG_WARN_DOCUMENTATION_COMMENTS = YES;
				CLANG_WARN_EMPTY_BODY = YES;
				CLANG_WARN_ENUM_CONVERSION = YES;
				CLANG_WARN_INFINITE_RECURSION = YES;
				CLANG_WARN_INT_CONVERSION = YES;
				CLANG_WARN_NON_LITERAL_NULL_CONVERSION = YES;
				CLANG_WARN_OBJC_IMPLICIT_RETAIN_SELF = YES;
				CLANG_WARN_OBJC_LITERAL_CONVERSION = YES;
				CLANG_WARN_OBJC_ROOT_CLASS = YES_ERROR;
				CLANG_WARN_QUOTED_INCLUDE_IN_FRAMEWORK_HEADER = YES;
				CLANG_WARN_RANGE_LOOP_ANALYSIS = YES;
				CLANG_WARN_STRICT_PROTOTYPES = YES;
				CLANG_WARN_SUSPICIOUS_MOVE = YES;
				CLANG_WARN_UNGUARDED_AVAILABILITY = YES_AGGRESSIVE;
				CLANG_WARN_UNREACHABLE_CODE = YES;
				CLANG_WARN__DUPLICATE_METHOD_MATCH = YES;
				COPY_PHASE_STRIP = NO;
				DEBUG_INFORMATION_FORMAT = dwarf;
				ENABLE_STRICT_OBJC_MSGSEND = YES;
				ENABLE_TESTABILITY = YES;
				GCC_C_LANGUAGE_STANDARD = gnu11;
				GCC_DYNAMIC_NO_PIC = NO;
				GCC_NO_COMMON_BLOCKS = YES;
				GCC_OPTIMIZATION_LEVEL = 0;
				GCC_PREPROCESSOR_DEFINITIONS = (
					"DEBUG=1",
					"$(inherited)",
				);
				GCC_WARN_64_TO_32_BIT_CONVERSION = YES;
				GCC_WARN_ABOUT_RETURN_TYPE = YES_ERROR;
				GCC_WARN_UNDECLARED_SELECTOR = YES;
				GCC_WARN_UNINITIALIZED_AUTOS = YES_AGGRESSIVE;
				GCC_WARN_UNUSED_FUNCTION = YES;
				GCC_WARN_UNUSED_VARIABLE = YES;
				IPHONEOS_DEPLOYMENT_TARGET = 14.4;
				MTL_ENABLE_DEBUG_INFO = INCLUDE_SOURCE;
				MTL_FAST_MATH = YES;
				ONLY_ACTIVE_ARCH = YES;
				SDKROOT = iphoneos;
				SWIFT_ACTIVE_COMPILATION_CONDITIONS = DEBUG;
				SWIFT_OPTIMIZATION_LEVEL = "-Onone";
			};
			name = Debug;
		};
		AE99C61626C0DDA50082890B /* Release */ = {
			isa = XCBuildConfiguration;
			buildSettings = {
				ALWAYS_SEARCH_USER_PATHS = NO;
				CLANG_ANALYZER_NONNULL = YES;
				CLANG_ANALYZER_NUMBER_OBJECT_CONVERSION = YES_AGGRESSIVE;
				CLANG_CXX_LANGUAGE_STANDARD = "gnu++14";
				CLANG_CXX_LIBRARY = "libc++";
				CLANG_ENABLE_MODULES = YES;
				CLANG_ENABLE_OBJC_ARC = YES;
				CLANG_ENABLE_OBJC_WEAK = YES;
				CLANG_WARN_BLOCK_CAPTURE_AUTORELEASING = YES;
				CLANG_WARN_BOOL_CONVERSION = YES;
				CLANG_WARN_COMMA = YES;
				CLANG_WARN_CONSTANT_CONVERSION = YES;
				CLANG_WARN_DEPRECATED_OBJC_IMPLEMENTATIONS = YES;
				CLANG_WARN_DIRECT_OBJC_ISA_USAGE = YES_ERROR;
				CLANG_WARN_DOCUMENTATION_COMMENTS = YES;
				CLANG_WARN_EMPTY_BODY = YES;
				CLANG_WARN_ENUM_CONVERSION = YES;
				CLANG_WARN_INFINITE_RECURSION = YES;
				CLANG_WARN_INT_CONVERSION = YES;
				CLANG_WARN_NON_LITERAL_NULL_CONVERSION = YES;
				CLANG_WARN_OBJC_IMPLICIT_RETAIN_SELF = YES;
				CLANG_WARN_OBJC_LITERAL_CONVERSION = YES;
				CLANG_WARN_OBJC_ROOT_CLASS = YES_ERROR;
				CLANG_WARN_QUOTED_INCLUDE_IN_FRAMEWORK_HEADER = YES;
				CLANG_WARN_RANGE_LOOP_ANALYSIS = YES;
				CLANG_WARN_STRICT_PROTOTYPES = YES;
				CLANG_WARN_SUSPICIOUS_MOVE = YES;
				CLANG_WARN_UNGUARDED_AVAILABILITY = YES_AGGRESSIVE;
				CLANG_WARN_UNREACHABLE_CODE = YES;
				CLANG_WARN__DUPLICATE_METHOD_MATCH = YES;
				COPY_PHASE_STRIP = NO;
				DEBUG_INFORMATION_FORMAT = "dwarf-with-dsym";
				ENABLE_NS_ASSERTIONS = NO;
				ENABLE_STRICT_OBJC_MSGSEND = YES;
				GCC_C_LANGUAGE_STANDARD = gnu11;
				GCC_NO_COMMON_BLOCKS = YES;
				GCC_WARN_64_TO_32_BIT_CONVERSION = YES;
				GCC_WARN_ABOUT_RETURN_TYPE = YES_ERROR;
				GCC_WARN_UNDECLARED_SELECTOR = YES;
				GCC_WARN_UNINITIALIZED_AUTOS = YES_AGGRESSIVE;
				GCC_WARN_UNUSED_FUNCTION = YES;
				GCC_WARN_UNUSED_VARIABLE = YES;
				IPHONEOS_DEPLOYMENT_TARGET = 14.4;
				MTL_ENABLE_DEBUG_INFO = NO;
				MTL_FAST_MATH = YES;
				SDKROOT = iphoneos;
				SWIFT_COMPILATION_MODE = wholemodule;
				SWIFT_OPTIMIZATION_LEVEL = "-O";
				VALIDATE_PRODUCT = YES;
			};
			name = Release;
		};
		AE99C61826C0DDA50082890B /* Debug */ = {
			isa = XCBuildConfiguration;
			baseConfigurationReference = 5CF87A70FDBE8DAA42B1A973 /* Pods-MVVM With Alamofire.debug.xcconfig */;
			buildSettings = {
				ASSETCATALOG_COMPILER_APPICON_NAME = AppIcon;
				ASSETCATALOG_COMPILER_GLOBAL_ACCENT_COLOR_NAME = AccentColor;
				CODE_SIGN_STYLE = Automatic;
				DEVELOPMENT_TEAM = JFWPJ5FTY4;
				INFOPLIST_FILE = "MVVM With Alamofire/Info.plist";
				IPHONEOS_DEPLOYMENT_TARGET = 13.0;
				LD_RUNPATH_SEARCH_PATHS = (
					"$(inherited)",
					"@executable_path/Frameworks",
				);
				PRODUCT_BUNDLE_IDENTIFIER = "mvvm.MVVM-With-Alamofire";
				PRODUCT_NAME = "$(TARGET_NAME)";
				SWIFT_VERSION = 5.0;
				TARGETED_DEVICE_FAMILY = 1;
			};
			name = Debug;
		};
		AE99C61926C0DDA50082890B /* Release */ = {
			isa = XCBuildConfiguration;
			baseConfigurationReference = E22A71255A03086E1616C080 /* Pods-MVVM With Alamofire.release.xcconfig */;
			buildSettings = {
				ASSETCATALOG_COMPILER_APPICON_NAME = AppIcon;
				ASSETCATALOG_COMPILER_GLOBAL_ACCENT_COLOR_NAME = AccentColor;
				CODE_SIGN_STYLE = Automatic;
				DEVELOPMENT_TEAM = JFWPJ5FTY4;
				INFOPLIST_FILE = "MVVM With Alamofire/Info.plist";
				IPHONEOS_DEPLOYMENT_TARGET = 13.0;
				LD_RUNPATH_SEARCH_PATHS = (
					"$(inherited)",
					"@executable_path/Frameworks",
				);
				PRODUCT_BUNDLE_IDENTIFIER = "mvvm.MVVM-With-Alamofire";
				PRODUCT_NAME = "$(TARGET_NAME)";
				SWIFT_VERSION = 5.0;
				TARGETED_DEVICE_FAMILY = 1;
			};
			name = Release;
		};
		AE99C61B26C0DDA50082890B /* Debug */ = {
			isa = XCBuildConfiguration;
			baseConfigurationReference = 3F7CEF6BFC7E81EEC2E4A7F7 /* Pods-MVVM With AlamofireTests.debug.xcconfig */;
			buildSettings = {
				ALWAYS_EMBED_SWIFT_STANDARD_LIBRARIES = YES;
				BUNDLE_LOADER = "$(TEST_HOST)";
				CODE_SIGN_STYLE = Automatic;
				DEVELOPMENT_TEAM = JFWPJ5FTY4;
				INFOPLIST_FILE = "MVVM With AlamofireTests/Info.plist";
				IPHONEOS_DEPLOYMENT_TARGET = 14.4;
				LD_RUNPATH_SEARCH_PATHS = (
					"$(inherited)",
					"@executable_path/Frameworks",
					"@loader_path/Frameworks",
				);
				PRODUCT_BUNDLE_IDENTIFIER = "mvvm.MVVM-With-AlamofireTests";
				PRODUCT_NAME = "$(TARGET_NAME)";
				SWIFT_VERSION = 5.0;
				TARGETED_DEVICE_FAMILY = "1,2";
				TEST_HOST = "$(BUILT_PRODUCTS_DIR)/MVVM With Alamofire.app/MVVM With Alamofire";
			};
			name = Debug;
		};
		AE99C61C26C0DDA50082890B /* Release */ = {
			isa = XCBuildConfiguration;
			baseConfigurationReference = 291E3355451C58A73775A1D8 /* Pods-MVVM With AlamofireTests.release.xcconfig */;
			buildSettings = {
				ALWAYS_EMBED_SWIFT_STANDARD_LIBRARIES = YES;
				BUNDLE_LOADER = "$(TEST_HOST)";
				CODE_SIGN_STYLE = Automatic;
				DEVELOPMENT_TEAM = JFWPJ5FTY4;
				INFOPLIST_FILE = "MVVM With AlamofireTests/Info.plist";
				IPHONEOS_DEPLOYMENT_TARGET = 14.4;
				LD_RUNPATH_SEARCH_PATHS = (
					"$(inherited)",
					"@executable_path/Frameworks",
					"@loader_path/Frameworks",
				);
				PRODUCT_BUNDLE_IDENTIFIER = "mvvm.MVVM-With-AlamofireTests";
				PRODUCT_NAME = "$(TARGET_NAME)";
				SWIFT_VERSION = 5.0;
				TARGETED_DEVICE_FAMILY = "1,2";
				TEST_HOST = "$(BUILT_PRODUCTS_DIR)/MVVM With Alamofire.app/MVVM With Alamofire";
			};
			name = Release;
		};
		AE99C61E26C0DDA50082890B /* Debug */ = {
			isa = XCBuildConfiguration;
			baseConfigurationReference = 996E0A7375B45A3C78656542 /* Pods-MVVM With Alamofire-MVVM With AlamofireUITests.debug.xcconfig */;
			buildSettings = {
				ALWAYS_EMBED_SWIFT_STANDARD_LIBRARIES = YES;
				CODE_SIGN_STYLE = Automatic;
				DEVELOPMENT_TEAM = JFWPJ5FTY4;
				INFOPLIST_FILE = "MVVM With AlamofireUITests/Info.plist";
				LD_RUNPATH_SEARCH_PATHS = (
					"$(inherited)",
					"@executable_path/Frameworks",
					"@loader_path/Frameworks",
				);
				PRODUCT_BUNDLE_IDENTIFIER = "mvvm.MVVM-With-AlamofireUITests";
				PRODUCT_NAME = "$(TARGET_NAME)";
				SWIFT_VERSION = 5.0;
				TARGETED_DEVICE_FAMILY = "1,2";
				TEST_TARGET_NAME = "MVVM With Alamofire";
			};
			name = Debug;
		};
		AE99C61F26C0DDA50082890B /* Release */ = {
			isa = XCBuildConfiguration;
			baseConfigurationReference = FE0D8BFFEC30A11B53447DBD /* Pods-MVVM With Alamofire-MVVM With AlamofireUITests.release.xcconfig */;
			buildSettings = {
				ALWAYS_EMBED_SWIFT_STANDARD_LIBRARIES = YES;
				CODE_SIGN_STYLE = Automatic;
				DEVELOPMENT_TEAM = JFWPJ5FTY4;
				INFOPLIST_FILE = "MVVM With AlamofireUITests/Info.plist";
				LD_RUNPATH_SEARCH_PATHS = (
					"$(inherited)",
					"@executable_path/Frameworks",
					"@loader_path/Frameworks",
				);
				PRODUCT_BUNDLE_IDENTIFIER = "mvvm.MVVM-With-AlamofireUITests";
				PRODUCT_NAME = "$(TARGET_NAME)";
				SWIFT_VERSION = 5.0;
				TARGETED_DEVICE_FAMILY = "1,2";
				TEST_TARGET_NAME = "MVVM With Alamofire";
			};
			name = Release;
		};
/* End XCBuildConfiguration section */

/* Begin XCConfigurationList section */
		AE99C5E826C0DD9B0082890B /* Build configuration list for PBXProject "MVVM With Alamofire" */ = {
			isa = XCConfigurationList;
			buildConfigurations = (
				AE99C61526C0DDA50082890B /* Debug */,
				AE99C61626C0DDA50082890B /* Release */,
			);
			defaultConfigurationIsVisible = 0;
			defaultConfigurationName = Release;
		};
		AE99C61726C0DDA50082890B /* Build configuration list for PBXNativeTarget "MVVM With Alamofire" */ = {
			isa = XCConfigurationList;
			buildConfigurations = (
				AE99C61826C0DDA50082890B /* Debug */,
				AE99C61926C0DDA50082890B /* Release */,
			);
			defaultConfigurationIsVisible = 0;
			defaultConfigurationName = Release;
		};
		AE99C61A26C0DDA50082890B /* Build configuration list for PBXNativeTarget "MVVM With AlamofireTests" */ = {
			isa = XCConfigurationList;
			buildConfigurations = (
				AE99C61B26C0DDA50082890B /* Debug */,
				AE99C61C26C0DDA50082890B /* Release */,
			);
			defaultConfigurationIsVisible = 0;
			defaultConfigurationName = Release;
		};
		AE99C61D26C0DDA50082890B /* Build configuration list for PBXNativeTarget "MVVM With AlamofireUITests" */ = {
			isa = XCConfigurationList;
			buildConfigurations = (
				AE99C61E26C0DDA50082890B /* Debug */,
				AE99C61F26C0DDA50082890B /* Release */,
			);
			defaultConfigurationIsVisible = 0;
			defaultConfigurationName = Release;
		};
/* End XCConfigurationList section */
	};
	rootObject = AE99C5E526C0DD9A0082890B /* Project object */;
}
